
Microsoft Visual Studio Solution File, Format Version 12.00
# Visual Studio Version 16
VisualStudioVersion = 16.0.31729.503
MinimumVisualStudioVersion = 10.0.40219.1
Project("{FAE04EC0-301F-11D3-BF4B-00C04F79EFBC}") = "MonogameTextEditor", "MonogameTextEditor\MonogameTextEditor.csproj", "{7BE1810D-4A09-41F3-AFE8-EC53EA987BD5}"
EndProject
Project("{FAE04EC0-301F-11D3-BF4B-00C04F79EFBC}") = "TextEditorTests", "TextEditorTests\TextEditorTests.csproj", "{F4BE6B0F-AF08-4128-B253-280204F61C5F}"
EndProject
Project("{FAE04EC0-301F-11D3-BF4B-00C04F79EFBC}") = "TextEditorServer", "TextEditorServer\TextEditorServer.csproj", "{313FE5AF-4F7B-4AB8-8A2C-B8F95B4C496C}"
EndProject
Project("{FAE04EC0-301F-11D3-BF4B-00C04F79EFBC}") = "TextEditorClient", "TextEditorClient\TextEditorClient.csproj", "{D3639D1A-2F89-41DF-88D7-0AC8F1844929}"
EndProject
Project("{FAE04EC0-301F-11D3-BF4B-00C04F79EFBC}") = "TextEditorProtos", "TextEditorProtos\TextEditorProtos.csproj", "{051826EC-2971-4719-9B6D-5A3155D66536}"
EndProject
Project("{FAE04EC0-301F-11D3-BF4B-00C04F79EFBC}") = "TextEditor", "TextEditor\TextEditor.csproj", "{6301F3B0-6DCE-4156-BC3D-6A84524937D7}"
EndProject
Global
	GlobalSection(SolutionConfigurationPlatforms) = preSolution
		Debug|Any CPU = Debug|Any CPU
		Release|Any CPU = Release|Any CPU
	EndGlobalSection
	GlobalSection(ProjectConfigurationPlatforms) = postSolution
		{7BE1810D-4A09-41F3-AFE8-EC53EA987BD5}.Debug|Any CPU.ActiveCfg = Debug|Any CPU
		{7BE1810D-4A09-41F3-AFE8-EC53EA987BD5}.Debug|Any CPU.Build.0 = Debug|Any CPU
		{7BE1810D-4A09-41F3-AFE8-EC53EA987BD5}.Release|Any CPU.ActiveCfg = Release|Any CPU
		{7BE1810D-4A09-41F3-AFE8-EC53EA987BD5}.Release|Any CPU.Build.0 = Release|Any CPU
		{F4BE6B0F-AF08-4128-B253-280204F61C5F}.Debug|Any CPU.ActiveCfg = Debug|Any CPU
		{F4BE6B0F-AF08-4128-B253-280204F61C5F}.Debug|Any CPU.Build.0 = Debug|Any CPU
		{F4BE6B0F-AF08-4128-B253-280204F61C5F}.Release|Any CPU.ActiveCfg = Release|Any CPU
		{F4BE6B0F-AF08-4128-B253-280204F61C5F}.Release|Any CPU.Build.0 = Release|Any CPU
		{313FE5AF-4F7B-4AB8-8A2C-B8F95B4C496C}.Debug|Any CPU.ActiveCfg = Debug|Any CPU
		{313FE5AF-4F7B-4AB8-8A2C-B8F95B4C496C}.Debug|Any CPU.Build.0 = Debug|Any CPU
		{313FE5AF-4F7B-4AB8-8A2C-B8F95B4C496C}.Release|Any CPU.ActiveCfg = Release|Any CPU
		{313FE5AF-4F7B-4AB8-8A2C-B8F95B4C496C}.Release|Any CPU.Build.0 = Release|Any CPU
		{D3639D1A-2F89-41DF-88D7-0AC8F1844929}.Debug|Any CPU.ActiveCfg = Debug|Any CPU
		{D3639D1A-2F89-41DF-88D7-0AC8F1844929}.Debug|Any CPU.Build.0 = Debug|Any CPU
		{D3639D1A-2F89-41DF-88D7-0AC8F1844929}.Release|Any CPU.ActiveCfg = Release|Any CPU
		{D3639D1A-2F89-41DF-88D7-0AC8F1844929}.Release|Any CPU.Build.0 = Release|Any CPU
		{051826EC-2971-4719-9B6D-5A3155D66536}.Debug|Any CPU.ActiveCfg = Debug|Any CPU
		{051826EC-2971-4719-9B6D-5A3155D66536}.Debug|Any CPU.Build.0 = Debug|Any CPU
		{051826EC-2971-4719-9B6D-5A3155D66536}.Release|Any CPU.ActiveCfg = Release|Any CPU
		{051826EC-2971-4719-9B6D-5A3155D66536}.Release|Any CPU.Build.0 = Release|Any CPU
		{6301F3B0-6DCE-4156-BC3D-6A84524937D7}.Debug|Any CPU.ActiveCfg = Debug|Any CPU
		{6301F3B0-6DCE-4156-BC3D-6A84524937D7}.Debug|Any CPU.Build.0 = Debug|Any CPU
		{6301F3B0-6DCE-4156-BC3D-6A84524937D7}.Release|Any CPU.ActiveCfg = Release|Any CPU
		{6301F3B0-6DCE-4156-BC3D-6A84524937D7}.Release|Any CPU.Build.0 = Release|Any CPU
	EndGlobalSection
	GlobalSection(SolutionProperties) = preSolution
		HideSolutionNode = FALSE
	EndGlobalSection
	GlobalSection(ExtensibilityGlobals) = postSolution
		SolutionGuid = {3197E34D-7510-4E5C-A060-DC559C3A083A}
	EndGlobalSection
EndGlobal
